
Microsoft Visual Studio Solution File, Format Version 12.00
# Visual Studio 15
VisualStudioVersion = 15.0.27130.2036
MinimumVisualStudioVersion = 10.0.40219.1
Project("{FAE04EC0-301F-11D3-BF4B-00C04F79EFBC}") = "FileGenerator", "FileGenerator\FileGenerator.csproj", "{AED3124A-79B8-4DFE-9DDF-1D6DB8FBA402}"
EndProject
Global
	GlobalSection(SolutionConfigurationPlatforms) = preSolution
		Debug|Any CPU = Debug|Any CPU
		Release|Any CPU = Release|Any CPU
	EndGlobalSection
	GlobalSection(ProjectConfigurationPlatforms) = postSolution
		{AED3124A-79B8-4DFE-9DDF-1D6DB8FBA402}.Debug|Any CPU.ActiveCfg = Debug|Any CPU
		{AED3124A-79B8-4DFE-9DDF-1D6DB8FBA402}.Debug|Any CPU.Build.0 = Debug|Any CPU
		{AED3124A-79B8-4DFE-9DDF-1D6DB8FBA402}.Release|Any CPU.ActiveCfg = Release|Any CPU
		{AED3124A-79B8-4DFE-9DDF-1D6DB8FBA402}.Release|Any CPU.Build.0 = Release|Any CPU
	EndGlobalSection
	GlobalSection(SolutionProperties) = preSolution
		HideSolutionNode = FALSE
	EndGlobalSection
	GlobalSection(ExtensibilityGlobals) = postSolution
		SolutionGuid = {3B37C151-62E8-462B-93FC-1401BAC7EC8F}
	EndGlobalSection
EndGlobal
